Microsoft Visual Studio Solution File, Format Version 12.00
# Visual Studio Version 17
VisualStudioVersion = 17.5.2.0
MinimumVisualStudioVersion = 10.0.40219.1
Project("{FAE04EC0-301F-11D3-BF4B-00C04F79EFBC}") = "UniPlan", "UniPlan.csproj", "{59BF0872-99B0-E2E3-4492-63F8BE68FC4C}"
EndProject
Global
	GlobalSection(SolutionConfigurationPlatforms) = preSolution
		Debug|Any CPU = Debug|Any CPU
		Release|Any CPU = Release|Any CPU
	EndGlobalSection
	GlobalSection(ProjectConfigurationPlatforms) = postSolution
		{59BF0872-99B0-E2E3-4492-63F8BE68FC4C}.Debug|Any CPU.ActiveCfg = Debug|Any CPU
		{59BF0872-99B0-E2E3-4492-63F8BE68FC4C}.Debug|Any CPU.Build.0 = Debug|Any CPU
		{59BF0872-99B0-E2E3-4492-63F8BE68FC4C}.Release|Any CPU.ActiveCfg = Release|Any CPU
		{59BF0872-99B0-E2E3-4492-63F8BE68FC4C}.Release|Any CPU.Build.0 = Release|Any CPU
	EndGlobalSection
	GlobalSection(SolutionProperties) = preSolution
		HideSolutionNode = FALSE
	EndGlobalSection
	GlobalSection(ExtensibilityGlobals) = postSolution
		SolutionGuid = {91E1D3B9-442E-4E2B-9A96-D5C2AAEA46D5}
	EndGlobalSection
EndGlobal
